
Microsoft Visual Studio Solution File, Format Version 12.00
# Visual Studio Version 17
VisualStudioVersion = 17.14.36202.13
MinimumVisualStudioVersion = 10.0.40219.1
Project("{FAE04EC0-301F-11D3-BF4B-00C04F79EFBC}") = "Common", "Common\Common.csproj", "{F2DD97B5-E666-46AF-A666-86EB8173AEC8}"
EndProject
Project("{FAE04EC0-301F-11D3-BF4B-00C04F79EFBC}") = "DataAccess", "DataAccess\DataAccess.csproj", "{A9AF20F7-5CA1-4663-BA73-D35C9456D839}"
EndProject
Project("{FAE04EC0-301F-11D3-BF4B-00C04F79EFBC}") = "Presentation", "Presentation\Presentation.csproj", "{BE91D193-054A-419B-A459-91BB49BA744E}"
EndProject
Global
	GlobalSection(SolutionConfigurationPlatforms) = preSolution
		Debug|Any CPU = Debug|Any CPU
		Release|Any CPU = Release|Any CPU
	EndGlobalSection
	GlobalSection(ProjectConfigurationPlatforms) = postSolution
		{F2DD97B5-E666-46AF-A666-86EB8173AEC8}.Debug|Any CPU.ActiveCfg = Debug|Any CPU
		{F2DD97B5-E666-46AF-A666-86EB8173AEC8}.Debug|Any CPU.Build.0 = Debug|Any CPU
		{F2DD97B5-E666-46AF-A666-86EB8173AEC8}.Release|Any CPU.ActiveCfg = Release|Any CPU
		{F2DD97B5-E666-46AF-A666-86EB8173AEC8}.Release|Any CPU.Build.0 = Release|Any CPU
		{A9AF20F7-5CA1-4663-BA73-D35C9456D839}.Debug|Any CPU.ActiveCfg = Debug|Any CPU
		{A9AF20F7-5CA1-4663-BA73-D35C9456D839}.Debug|Any CPU.Build.0 = Debug|Any CPU
		{A9AF20F7-5CA1-4663-BA73-D35C9456D839}.Release|Any CPU.ActiveCfg = Release|Any CPU
		{A9AF20F7-5CA1-4663-BA73-D35C9456D839}.Release|Any CPU.Build.0 = Release|Any CPU
		{BE91D193-054A-419B-A459-91BB49BA744E}.Debug|Any CPU.ActiveCfg = Debug|Any CPU
		{BE91D193-054A-419B-A459-91BB49BA744E}.Debug|Any CPU.Build.0 = Debug|Any CPU
		{BE91D193-054A-419B-A459-91BB49BA744E}.Release|Any CPU.ActiveCfg = Release|Any CPU
		{BE91D193-054A-419B-A459-91BB49BA744E}.Release|Any CPU.Build.0 = Release|Any CPU
	EndGlobalSection
	GlobalSection(SolutionProperties) = preSolution
		HideSolutionNode = FALSE
	EndGlobalSection
	GlobalSection(ExtensibilityGlobals) = postSolution
		SolutionGuid = {53F79F03-598E-4563-A1DA-A7378A9F9987}
	EndGlobalSection
EndGlobal
